// !$*UTF8*$!
{
	archiveVersion = 1;
	classes = {
	};
	objectVersion = 50;
	objects = {

/* Begin PBXBuildFile section */
		9A1D0AB320847176009A7309 /* AppDelegate.swift in Sources */ = {isa = PBXBuildFile; fileRef = 9A1D0AB220847176009A7309 /* AppDelegate.swift */; };
		9A1D0AB520847176009A7309 /* ChecklistViewController.swift in Sources */ = {isa = PBXBuildFile; fileRef = 9A1D0AB420847176009A7309 /* ChecklistViewController.swift */; };
		9A1D0AB820847176009A7309 /* Main.storyboard in Resources */ = {isa = PBXBuildFile; fileRef = 9A1D0AB620847176009A7309 /* Main.storyboard */; };
		9A1D0ABA20847178009A7309 /* Assets.xcassets in Resources */ = {isa = PBXBuildFile; fileRef = 9A1D0AB920847178009A7309 /* Assets.xcassets */; };
		9A5C16A42086E82200A356FA /* ChecklistItem.swift in Sources */ = {isa = PBXBuildFile; fileRef = 9A5C16A32086E82200A356FA /* ChecklistItem.swift */; };
		9A5C16A62088666A00A356FA /* ItemDetailViewCintroller.swift in Sources */ = {isa = PBXBuildFile; fileRef = 9A5C16A52088666A00A356FA /* ItemDetailViewCintroller.swift */; };
		9AB6FF14209DA6A600126E6D /* AllListsViewController.swift in Sources */ = {isa = PBXBuildFile; fileRef = 9AB6FF13209DA6A600126E6D /* AllListsViewController.swift */; };
		9AB6FF16209DB10A00126E6D /* Checklist.swift in Sources */ = {isa = PBXBuildFile; fileRef = 9AB6FF15209DB10A00126E6D /* Checklist.swift */; };
		9AB6FF18209DCCB900126E6D /* ListDetailViewController.swift in Sources */ = {isa = PBXBuildFile; fileRef = 9AB6FF17209DCCB900126E6D /* ListDetailViewController.swift */; };
		9ADE061320A05F49002DEBCB /* DataModel.swift in Sources */ = {isa = PBXBuildFile; fileRef = 9ADE061220A05F49002DEBCB /* DataModel.swift */; };
		9ADE061920A092FE002DEBCB /* IconPickerViewController.swift in Sources */ = {isa = PBXBuildFile; fileRef = 9ADE061820A092FE002DEBCB /* IconPickerViewController.swift */; };
/* End PBXBuildFile section */

/* Begin PBXFileReference section */
		9A1D0AAF20847176009A7309 /* Checklist.app */ = {isa = PBXFileReference; explicitFileType = wrapper.application; includeInIndex = 0; path = Checklist.app; sourceTree = BUILT_PRODUCTS_DIR; };
		9A1D0AB220847176009A7309 /* AppDelegate.swift */ = {isa = PBXFileReference; lastKnownFileType = sourcecode.swift; path = AppDelegate.swift; sourceTree = "<group>"; };
		9A1D0AB420847176009A7309 /* ChecklistViewController.swift */ = {isa = PBXFileReference; lastKnownFileType = sourcecode.swift; path = ChecklistViewController.swift; sourceTree = "<group>"; };
		9A1D0AB720847176009A7309 /* Base */ = {isa = PBXFileReference; lastKnownFileType = file.storyboard; name = Base; path = Base.lproj/Main.storyboard; sourceTree = "<group>"; };
		9A1D0AB920847178009A7309 /* Assets.xcassets */ = {isa = PBXFileReference; lastKnownFileType = folder.assetcatalog; path = Assets.xcassets; sourceTree = "<group>"; };
		9A1D0ABE20847178009A7309 /* Info.plist */ = {isa = PBXFileReference; lastKnownFileType = text.plist.xml; path = Info.plist; sourceTree = "<group>"; };
		9A5C16A32086E82200A356FA /* ChecklistItem.swift */ = {isa = PBXFileReference; lastKnownFileType = sourcecode.swift; path = ChecklistItem.swift; sourceTree = "<group>"; };
		9A5C16A52088666A00A356FA /* ItemDetailViewCintroller.swift */ = {isa = PBXFileReference; lastKnownFileType = sourcecode.swift; path = ItemDetailViewCintroller.swift; sourceTree = "<group>"; };
		9AB6FF13209DA6A600126E6D /* AllListsViewController.swift */ = {isa = PBXFileReference; lastKnownFileType = sourcecode.swift; path = AllListsViewController.swift; sourceTree = "<group>"; };
		9AB6FF15209DB10A00126E6D /* Checklist.swift */ = {isa = PBXFileReference; lastKnownFileType = sourcecode.swift; path = Checklist.swift; sourceTree = "<group>"; };
		9AB6FF17209DCCB900126E6D /* ListDetailViewController.swift */ = {isa = PBXFileReference; lastKnownFileType = sourcecode.swift; path = ListDetailViewController.swift; sourceTree = "<group>"; };
		9ADE061220A05F49002DEBCB /* DataModel.swift */ = {isa = PBXFileReference; lastKnownFileType = sourcecode.swift; path = DataModel.swift; sourceTree = "<group>"; };
		9ADE061820A092FE002DEBCB /* IconPickerViewController.swift */ = {isa = PBXFileReference; lastKnownFileType = sourcecode.swift; path = IconPickerViewController.swift; sourceTree = "<group>"; };
/* End PBXFileReference section */

/* Begin PBXFrameworksBuildPhase section */
		9A1D0AAC20847176009A7309 /* Frameworks */ = {
			isa = PBXFrameworksBuildPhase;
			buildActionMask = 2147483647;
			files = (
			);
			runOnlyForDeploymentPostprocessing = 0;
		};
/* End PBXFrameworksBuildPhase section */

/* Begin PBXGroup section */
		9A1D0AA620847176009A7309 = {
			isa = PBXGroup;
			children = (
				9A1D0AB120847176009A7309 /* Checklist */,
				9A1D0AB020847176009A7309 /* Products */,
			);
			sourceTree = "<group>";
		};
		9A1D0AB020847176009A7309 /* Products */ = {
			isa = PBXGroup;
			children = (
				9A1D0AAF20847176009A7309 /* Checklist.app */,
			);
			name = Products;
			sourceTree = "<group>";
		};
		9A1D0AB120847176009A7309 /* Checklist */ = {
			isa = PBXGroup;
			children = (
				9ADE061720A0728A002DEBCB /* Model */,
				9ADE061620A07285002DEBCB /* View */,
				9ADE061520A07281002DEBCB /* Controller */,
				9ADE061420A0727A002DEBCB /* Resources */,
				9A1D0ABE20847178009A7309 /* Info.plist */,
			);
			path = Checklist;
			sourceTree = "<group>";
		};
		9ADE061420A0727A002DEBCB /* Resources */ = {
			isa = PBXGroup;
			children = (
				9A1D0AB920847178009A7309 /* Assets.xcassets */,
			);
			path = Resources;
			sourceTree = "<group>";
		};
		9ADE061520A07281002DEBCB /* Controller */ = {
			isa = PBXGroup;
			children = (
				9A1D0AB220847176009A7309 /* AppDelegate.swift */,
				9AB6FF13209DA6A600126E6D /* AllListsViewController.swift */,
				9A1D0AB420847176009A7309 /* ChecklistViewController.swift */,
				9AB6FF17209DCCB900126E6D /* ListDetailViewController.swift */,
				9A5C16A52088666A00A356FA /* ItemDetailViewCintroller.swift */,
				9ADE061820A092FE002DEBCB /* IconPickerViewController.swift */,
			);
			path = Controller;
			sourceTree = "<group>";
		};
		9ADE061620A07285002DEBCB /* View */ = {
			isa = PBXGroup;
			children = (
				9A1D0AB620847176009A7309 /* Main.storyboard */,
			);
			path = View;
			sourceTree = "<group>";
		};
		9ADE061720A0728A002DEBCB /* Model */ = {
			isa = PBXGroup;
			children = (
				9A5C16A32086E82200A356FA /* ChecklistItem.swift */,
				9AB6FF15209DB10A00126E6D /* Checklist.swift */,
				9ADE061220A05F49002DEBCB /* DataModel.swift */,
			);
			path = Model;
			sourceTree = "<group>";
		};
/* End PBXGroup section */

/* Begin PBXNativeTarget section */
		9A1D0AAE20847176009A7309 /* Checklist */ = {
			isa = PBXNativeTarget;
			buildConfigurationList = 9A1D0AC120847178009A7309 /* Build configuration list for PBXNativeTarget "Checklist" */;
			buildPhases = (
				9A1D0AAB20847176009A7309 /* Sources */,
				9A1D0AAC20847176009A7309 /* Frameworks */,
				9A1D0AAD20847176009A7309 /* Resources */,
			);
			buildRules = (
			);
			dependencies = (
			);
			name = Checklist;
			productName = Checklist;
			productReference = 9A1D0AAF20847176009A7309 /* Checklist.app */;
			productType = "com.apple.product-type.application";
		};
/* End PBXNativeTarget section */

/* Begin PBXProject section */
		9A1D0AA720847176009A7309 /* Project object */ = {
			isa = PBXProject;
			attributes = {
				LastSwiftUpdateCheck = 0930;
				LastUpgradeCheck = 0930;
				ORGANIZATIONNAME = "Hassan El Desouky";
				TargetAttributes = {
					9A1D0AAE20847176009A7309 = {
						CreatedOnToolsVersion = 9.3;
					};
				};
			};
			buildConfigurationList = 9A1D0AAA20847176009A7309 /* Build configuration list for PBXProject "Checklist" */;
			compatibilityVersion = "Xcode 9.3";
			developmentRegion = en;
			hasScannedForEncodings = 0;
			knownRegions = (
				en,
				Base,
			);
			mainGroup = 9A1D0AA620847176009A7309;
			productRefGroup = 9A1D0AB020847176009A7309 /* Products */;
			projectDirPath = "";
			projectRoot = "";
			targets = (
				9A1D0AAE20847176009A7309 /* Checklist */,
			);
		};
/* End PBXProject section */

/* Begin PBXResourcesBuildPhase section */
		9A1D0AAD20847176009A7309 /* Resources */ = {
			isa = PBXResourcesBuildPhase;
			buildActionMask = 2147483647;
			files = (
				9A1D0ABA20847178009A7309 /* Assets.xcassets in Resources */,
				9A1D0AB820847176009A7309 /* Main.storyboard in Resources */,
			);
			runOnlyForDeploymentPostprocessing = 0;
		};
/* End PBXResourcesBuildPhase section */

/* Begin PBXSourcesBuildPhase section */
		9A1D0AAB20847176009A7309 /* Sources */ = {
			isa = PBXSourcesBuildPhase;
			buildActionMask = 2147483647;
			files = (
				9A1D0AB520847176009A7309 /* ChecklistViewController.swift in Sources */,
				9AB6FF18209DCCB900126E6D /* ListDetailViewController.swift in Sources */,
				9A5C16A62088666A00A356FA /* ItemDetailViewCintroller.swift in Sources */,
				9ADE061920A092FE002DEBCB /* IconPickerViewController.swift in Sources */,
				9AB6FF16209DB10A00126E6D /* Checklist.swift in Sources */,
				9A5C16A42086E82200A356FA /* ChecklistItem.swift in Sources */,
				9ADE061320A05F49002DEBCB /* DataModel.swift in Sources */,
				9AB6FF14209DA6A600126E6D /* AllListsViewController.swift in Sources */,
				9A1D0AB320847176009A7309 /* AppDelegate.swift in Sources */,
			);
			runOnlyForDeploymentPostprocessing = 0;
		};
/* End PBXSourcesBuildPhase section */

/* Begin PBXVariantGroup section */
		9A1D0AB620847176009A7309 /* Main.storyboard */ = {
			isa = PBXVariantGroup;
			children = (
				9A1D0AB720847176009A7309 /* Base */,
			);
			name = Main.storyboard;
			sourceTree = "<group>";
		};
/* End PBXVariantGroup section */

/* Begin XCBuildConfiguration section */
		9A1D0ABF20847178009A7309 /* Debug */ = {
			isa = XCBuildConfiguration;
			buildSettings = {
				ALWAYS_SEARCH_USER_PATHS = NO;
				CLANG_ANALYZER_NONNULL = YES;
				CLANG_ANALYZER_NUMBER_OBJECT_CONVERSION = YES_AGGRESSIVE;
				CLANG_CXX_LANGUAGE_STANDARD = "gnu++14";
				CLANG_CXX_LIBRARY = "libc++";
				CLANG_ENABLE_MODULES = YES;
				CLANG_ENABLE_OBJC_ARC = YES;
				CLANG_ENABLE_OBJC_WEAK = YES;
				CLANG_WARN_BLOCK_CAPTURE_AUTORELEASING = YES;
				CLANG_WARN_BOOL_CONVERSION = YES;
				CLANG_WARN_COMMA = YES;
				CLANG_WARN_CONSTANT_CONVERSION = YES;
				CLANG_WARN_DEPRECATED_OBJC_IMPLEMENTATIONS = YES;
				CLANG_WARN_DIRECT_OBJC_ISA_USAGE = YES_ERROR;
				CLANG_WARN_DOCUMENTATION_COMMENTS = YES;
				CLANG_WARN_EMPTY_BODY = YES;
				CLANG_WARN_ENUM_CONVERSION = YES;
				CLANG_WARN_INFINITE_RECURSION = YES;
				CLANG_WARN_INT_CONVERSION = YES;
				CLANG_WARN_NON_LITERAL_NULL_CONVERSION = YES;
				CLANG_WARN_OBJC_IMPLICIT_RETAIN_SELF = YES;
				CLANG_WARN_OBJC_LITERAL_CONVERSION = YES;
				CLANG_WARN_OBJC_ROOT_CLASS = YES_ERROR;
				CLANG_WARN_RANGE_LOOP_ANALYSIS = YES;
				CLANG_WARN_STRICT_PROTOTYPES = YES;
				CLANG_WARN_SUSPICIOUS_MOVE = YES;
				CLANG_WARN_UNGUARDED_AVAILABILITY = YES_AGGRESSIVE;
				CLANG_WARN_UNREACHABLE_CODE = YES;
				CLANG_WARN__DUPLICATE_METHOD_MATCH = YES;
				CODE_SIGN_IDENTITY = "iPhone Developer";
				COPY_PHASE_STRIP = NO;
				DEBUG_INFORMATION_FORMAT = dwarf;
				ENABLE_STRICT_OBJC_MSGSEND = YES;
				ENABLE_TESTABILITY = YES;
				GCC_C_LANGUAGE_STANDARD = gnu11;
				GCC_DYNAMIC_NO_PIC = NO;
				GCC_NO_COMMON_BLOCKS = YES;
				GCC_OPTIMIZATION_LEVEL = 0;
				GCC_PREPROCESSOR_DEFINITIONS = (
					"DEBUG=1",
					"$(inherited)",
				);
				GCC_WARN_64_TO_32_BIT_CONVERSION = YES;
				GCC_WARN_ABOUT_RETURN_TYPE = YES_ERROR;
				GCC_WARN_UNDECLARED_SELECTOR = YES;
				GCC_WARN_UNINITIALIZED_AUTOS = YES_AGGRESSIVE;
				GCC_WARN_UNUSED_FUNCTION = YES;
				GCC_WARN_UNUSED_VARIABLE = YES;
				IPHONEOS_DEPLOYMENT_TARGET = 11.3;
				MTL_ENABLE_DEBUG_INFO = YES;
				ONLY_ACTIVE_ARCH = YES;
				SDKROOT = iphoneos;
				SWIFT_ACTIVE_COMPILATION_CONDITIONS = DEBUG;
				SWIFT_OPTIMIZATION_LEVEL = "-Onone";
			};
			name = Debug;
		};
		9A1D0AC020847178009A7309 /* Release */ = {
			isa = XCBuildConfiguration;
			buildSettings = {
				ALWAYS_SEARCH_USER_PATHS = NO;
				CLANG_ANALYZER_NONNULL = YES;
				CLANG_ANALYZER_NUMBER_OBJECT_CONVERSION = YES_AGGRESSIVE;
				CLANG_CXX_LANGUAGE_STANDARD = "gnu++14";
				CLANG_CXX_LIBRARY = "libc++";
				CLANG_ENABLE_MODULES = YES;
				CLANG_ENABLE_OBJC_ARC = YES;
				CLANG_ENABLE_OBJC_WEAK = YES;
				CLANG_WARN_BLOCK_CAPTURE_AUTORELEASING = YES;
				CLANG_WARN_BOOL_CONVERSION = YES;
				CLANG_WARN_COMMA = YES;
				CLANG_WARN_CONSTANT_CONVERSION = YES;
				CLANG_WARN_DEPRECATED_OBJC_IMPLEMENTATIONS = YES;
				CLANG_WARN_DIRECT_OBJC_ISA_USAGE = YES_ERROR;
				CLANG_WARN_DOCUMENTATION_COMMENTS = YES;
				CLANG_WARN_EMPTY_BODY = YES;
				CLANG_WARN_ENUM_CONVERSION = YES;
				CLANG_WARN_INFINITE_RECURSION = YES;
				CLANG_WARN_INT_CONVERSION = YES;
				CLANG_WARN_NON_LITERAL_NULL_CONVERSION = YES;
				CLANG_WARN_OBJC_IMPLICIT_RETAIN_SELF = YES;
				CLANG_WARN_OBJC_LITERAL_CONVERSION = YES;
				CLANG_WARN_OBJC_ROOT_CLASS = YES_ERROR;
				CLANG_WARN_RANGE_LOOP_ANALYSIS = YES;
				CLANG_WARN_STRICT_PROTOTYPES = YES;
				CLANG_WARN_SUSPICIOUS_MOVE = YES;
				CLANG_WARN_UNGUARDED_AVAILABILITY = YES_AGGRESSIVE;
				CLANG_WARN_UNREACHABLE_CODE = YES;
				CLANG_WARN__DUPLICATE_METHOD_MATCH = YES;
				CODE_SIGN_IDENTITY = "iPhone Developer";
				COPY_PHASE_STRIP = NO;
				DEBUG_INFORMATION_FORMAT = "dwarf-with-dsym";
				ENABLE_NS_ASSERTIONS = NO;
				ENABLE_STRICT_OBJC_MSGSEND = YES;
				GCC_C_LANGUAGE_STANDARD = gnu11;
				GCC_NO_COMMON_BLOCKS = YES;
				GCC_WARN_64_TO_32_BIT_CONVERSION = YES;
				GCC_WARN_ABOUT_RETURN_TYPE = YES_ERROR;
				GCC_WARN_UNDECLARED_SELECTOR = YES;
				GCC_WARN_UNINITIALIZED_AUTOS = YES_AGGRESSIVE;
				GCC_WARN_UNUSED_FUNCTION = YES;
				GCC_WARN_UNUSED_VARIABLE = YES;
				IPHONEOS_DEPLOYMENT_TARGET = 11.3;
				MTL_ENABLE_DEBUG_INFO = NO;
				SDKROOT = iphoneos;
				SWIFT_COMPILATION_MODE = wholemodule;
				SWIFT_OPTIMIZATION_LEVEL = "-O";
				VALIDATE_PRODUCT = YES;
			};
			name = Release;
		};
		9A1D0AC220847178009A7309 /* Debug */ = {
			isa = XCBuildConfiguration;
			buildSettings = {
				ASSETCATALOG_COMPILER_APPICON_NAME = AppIcon;
				CODE_SIGN_STYLE = Automatic;
				DEVELOPMENT_TEAM = UC8UZFR7L3;
				INFOPLIST_FILE = Checklist/Info.plist;
				LD_RUNPATH_SEARCH_PATHS = (
					"$(inherited)",
					"@executable_path/Frameworks",
				);
				PRODUCT_BUNDLE_IDENTIFIER = com.heldesouky.Checklist;
				PRODUCT_NAME = "$(TARGET_NAME)";
				SWIFT_VERSION = 4.0;
				TARGETED_DEVICE_FAMILY = "1,2";
			};
			name = Debug;
		};
		9A1D0AC320847178009A7309 /* Release */ = {
			isa = XCBuildConfiguration;
			buildSettings = {
				ASSETCATALOG_COMPILER_APPICON_NAME = AppIcon;
				CODE_SIGN_STYLE = Automatic;
				DEVELOPMENT_TEAM = UC8UZFR7L3;
				INFOPLIST_FILE = Checklist/Info.plist;
				LD_RUNPATH_SEARCH_PATHS = (
					"$(inherited)",
					"@executable_path/Frameworks",
				);
				PRODUCT_BUNDLE_IDENTIFIER = com.heldesouky.Checklist;
				PRODUCT_NAME = "$(TARGET_NAME)";
				SWIFT_VERSION = 4.0;
				TARGETED_DEVICE_FAMILY = "1,2";
			};
			name = Release;
		};
/* End XCBuildConfiguration section */

/* Begin XCConfigurationList section */
		9A1D0AAA20847176009A7309 /* Build configuration list for PBXProject "Checklist" */ = {
			isa = XCConfigurationList;
			buildConfigurations = (
				9A1D0ABF20847178009A7309 /* Debug */,
				9A1D0AC020847178009A7309 /* Release */,
			);
			defaultConfigurationIsVisible = 0;
			defaultConfigurationName = Release;
		};
		9A1D0AC120847178009A7309 /* Build configuration list for PBXNativeTarget "Checklist" */ = {
			isa = XCConfigurationList;
			buildConfigurations = (
				9A1D0AC220847178009A7309 /* Debug */,
				9A1D0AC320847178009A7309 /* Release */,
			);
			defaultConfigurationIsVisible = 0;
			defaultConfigurationName = Release;
		};
/* End XCConfigurationList section */
	};
	rootObject = 9A1D0AA720847176009A7309 /* Project object */;
}
